{
  "requires": true,
  "lockfileVersion": 1,
  "dependencies": {
    "@ag-grid-community/all-modules": {
      "version": "22.1.1",
      "resolved": "https://registry.npmjs.org/@ag-grid-community/all-modules/-/all-modules-22.1.1.tgz",
      "integrity": "sha512-VBUbl3HRZoFKoQf/79Qq6vEUaAutF5voWq6vv6tPnDsojbCpGRrlPxAmL+Ypb39JE3oEYvW+Y/5ksKEGlab1kg==",
      "requires": {
        "@ag-grid-community/client-side-row-model": "~22.1.1",
        "@ag-grid-community/core": "~22.1.1",
        "@ag-grid-community/csv-export": "~22.1.1",
        "@ag-grid-community/infinite-row-model": "~22.1.1"
      }
    },
    "@ag-grid-community/angular": {
      "version": "22.1.2",
      "resolved": "https://registry.npmjs.org/@ag-grid-community/angular/-/angular-22.1.2.tgz",
      "integrity": "sha512-ssZiykoJEYL0ItDSgmDcoN2qCa5rXGfE5K71SgLdn3cmtrPF6ZMnOZ+jaV9ON1M7++TgXr1cOUj0NlkvZ/zFgA=="
    },
    "@ag-grid-community/client-side-row-model": {
      "version": "22.1.1",
      "resolved": "https://registry.npmjs.org/@ag-grid-community/client-side-row-model/-/client-side-row-model-22.1.1.tgz",
      "integrity": "sha512-lLqYuYHngb8pC5wSnBRYzszBDeTxRkz6TmxpVP8CHYM3QSqe2xUTp8KFkzO+RrlySB7uCCx1ym0bOR4vRkkaAw==",
      "requires": {
        "@ag-grid-community/core": "~22.1.1"
      }
    },
    "@ag-grid-community/core": {
      "version": "22.1.1",
      "resolved": "https://registry.npmjs.org/@ag-grid-community/core/-/core-22.1.1.tgz",
      "integrity": "sha512-x9dLUnsIsa+3bsweYKM8UWN42b7i5FDMvGpabAlOS0jAcJRs6krZUBK8XyZwzCc2vELuoBQ6VrKG5RWCN2phjg=="
    },
    "@ag-grid-community/csv-export": {
      "version": "22.1.1",
      "resolved": "https://registry.npmjs.org/@ag-grid-community/csv-export/-/csv-export-22.1.1.tgz",
      "integrity": "sha512-x7BcFRVVwP8LWOpFqGv+Z7DP4RqDVnf+MwMeHAT2VeMDU9oHYS0Dr3tr5Z8XMEV0pQFWj79iwwC8wrvwXkG8Lg==",
      "requires": {
        "@ag-grid-community/core": "~22.1.1"
      }
    },
    "@ag-grid-community/infinite-row-model": {
      "version": "22.1.1",
      "resolved": "https://registry.npmjs.org/@ag-grid-community/infinite-row-model/-/infinite-row-model-22.1.1.tgz",
      "integrity": "sha512-GWSxNvqkrDsEsvMuB7Lq0Ucp9oWPejttAgAFOXLtWzDJGZ8M1ndv5OHAA4ubTm0z0VLU9q3Ysoc4pr19E600Og==",
      "requires": {
        "@ag-grid-community/core": "~22.1.1"
      }
    },
    "@angular/cdk": {
      "version": "8.2.3",
      "resolved": "https://registry.npmjs.org/@angular/cdk/-/cdk-8.2.3.tgz",
      "integrity": "sha512-ZwO5Sn720RA2YvBqud0JAHkZXjmjxM0yNzCO8RVtRE9i8Gl26Wk0j0nQeJkVm4zwv2QO8MwbKUKGTMt8evsokA==",
      "requires": {
        "parse5": "^5.0.0",
        "tslib": "^1.7.1"
      }
    },
    "@angular/material": {
      "version": "8.2.3",
      "resolved": "https://registry.npmjs.org/@angular/material/-/material-8.2.3.tgz",
      "integrity": "sha512-SOczkIaqes+r+9XF/UUiokidfFKBpHkOPIaFK857sFD0FBNPvPEpOr5oHKCG3feERRwAFqHS7Wo2ohVEWypb5A==",
      "requires": {
        "tslib": "^1.7.1"
      }
    },
    "ag-grid-angular": {
      "version": "22.1.1",
      "resolved": "https://registry.npmjs.org/ag-grid-angular/-/ag-grid-angular-22.1.1.tgz",
      "integrity": "sha512-I1ynYxc+Chb8ecbYkM/+GM+mXCr/rnL+lHTXejBQvDFd61W1nTP2b8BiHwkxaJBDPcFrTyS5P2xqLXLkEzfm6g=="
    },
    "ag-grid-community": {
      "version": "22.1.1",
      "resolved": "https://registry.npmjs.org/ag-grid-community/-/ag-grid-community-22.1.1.tgz",
      "integrity": "sha512-FNyv9e9JIuuR8NNi/r3NjIjUVy2/K5GgPjwQ63g9/Z4U8EudQZLINGMVKI6OwtZfWyyNSd0hQDCNsdvx0OR1WQ=="
    },
    "parse5": {
      "version": "5.1.1",
      "resolved": "https://registry.npmjs.org/parse5/-/parse5-5.1.1.tgz",
      "integrity": "sha512-ugq4DFI0Ptb+WWjAdOK16+u/nHfiIrcE+sh8kZMaM0WllQKLI9rOUq6c2b7cwPkXdzfQESqvoqK6ug7U/Yyzug=="
    },
    "tslib": {
      "version": "1.10.0",
      "resolved": "https://registry.npmjs.org/tslib/-/tslib-1.10.0.tgz",
      "integrity": "sha512-qOebF53frne81cf0S9B41ByenJ3/IuH8yJKngAX35CmiZySA0khhkovshKK+jGCaMnVomla7gVlIcc3EvKPbTQ=="
    }
  }
}
